{
  "requires": true,
  "lockfileVersion": 1,
  "dependencies": {
    "@firebase/component": {
      "version": "0.1.11",
      "resolved": "https://registry.npmjs.org/@firebase/component/-/component-0.1.11.tgz",
      "integrity": "sha512-HZ0fwtv8/b3KV4NUOqlcIr03+CpBKW0F1Jo6/HJ39AutS6XXbM2jtpXOd1wMq9lbhBHgEwt1sMPNKoPR1bFflQ==",
      "requires": {
        "@firebase/util": "0.2.46",
        "tslib": "1.11.1"
      }
    },
    "@firebase/storage": {
      "version": "0.3.33",
      "resolved": "https://registry.npmjs.org/@firebase/storage/-/storage-0.3.33.tgz",
      "integrity": "sha512-pFhsy+LglBjyVAYd6LlyUTeHTXR4yV24eL+fLZCYOE3W23Ago/3RpkX+MaEP5ZSpdFmnV/H6R6qDClSFx1EEYA==",
      "requires": {
        "@firebase/component": "0.1.11",
        "@firebase/storage-types": "0.3.11",
        "@firebase/util": "0.2.46",
        "tslib": "1.11.1"
      }
    },
    "@firebase/storage-types": {
      "version": "0.3.11",
      "resolved": "https://registry.npmjs.org/@firebase/storage-types/-/storage-types-0.3.11.tgz",
      "integrity": "sha512-EMOo5aeiJIa8eQ/VqjIa/DYlDcEJX1V84FOxmLfNWZIlmCSvcqx9E9mcNlOnoUB4iePqQjTMQRtKlIBvvEVhVg=="
    },
    "@firebase/util": {
      "version": "0.2.46",
      "resolved": "https://registry.npmjs.org/@firebase/util/-/util-0.2.46.tgz",
      "integrity": "sha512-rKzQRc7YAbve+MECliis5ac6lRB1AZgOyZdoAbXaEtmGWUwnlM99uNhCekA963CaBkzlHwQG2inLf3WGW7nLFA==",
      "requires": {
        "tslib": "1.11.1"
      }
    },
    "tslib": {
      "version": "1.11.1",
      "resolved": "https://registry.npmjs.org/tslib/-/tslib-1.11.1.tgz",
      "integrity": "sha512-aZW88SY8kQbU7gpV19lN24LtXh/yD4ZZg6qieAJDDg+YBsJcSmLGK9QpnUjAKVG/xefmvJGd1WUmfpT/g6AJGA=="
    }
  }
}
